
Microsoft Visual Studio Solution File, Format Version 12.00
# Visual Studio 15
VisualStudioVersion = 15.0.28307.136
MinimumVisualStudioVersion = 10.0.40219.1
Project("{FAE04EC0-301F-11D3-BF4B-00C04F79EFBC}") = "Template", "Template\Template.csproj", "{AF2486AE-9E1E-4B2C-BF9E-C32BBAAF46FD}"
EndProject
Global
	GlobalSection(SolutionConfigurationPlatforms) = preSolution
		Debug|Any CPU = Debug|Any CPU
		Release|Any CPU = Release|Any CPU
	EndGlobalSection
	GlobalSection(ProjectConfigurationPlatforms) = postSolution
		{AF2486AE-9E1E-4B2C-BF9E-C32BBAAF46FD}.Debug|Any CPU.ActiveCfg = Debug|Any CPU
		{AF2486AE-9E1E-4B2C-BF9E-C32BBAAF46FD}.Debug|Any CPU.Build.0 = Debug|Any CPU
		{AF2486AE-9E1E-4B2C-BF9E-C32BBAAF46FD}.Release|Any CPU.ActiveCfg = Release|Any CPU
		{AF2486AE-9E1E-4B2C-BF9E-C32BBAAF46FD}.Release|Any CPU.Build.0 = Release|Any CPU
	EndGlobalSection
	GlobalSection(SolutionProperties) = preSolution
		HideSolutionNode = FALSE
	EndGlobalSection
	GlobalSection(ExtensibilityGlobals) = postSolution
		SolutionGuid = {D246A91C-1CA7-4C65-983C-AD79CEBBC48C}
	EndGlobalSection
EndGlobal
